// !$*UTF8*$!
{
	archiveVersion = 1;
	classes = {
	};
	objectVersion = 56;
	objects = {

/* Begin PBXBuildFile section */
		88570D7D2B45CFB900428C14 /* main.swift in Sources */ = {isa = PBXBuildFile; fileRef = 88570D7C2B45CFB900428C14 /* main.swift */; };
		887E754D2BE6DCEB00AC7851 /* q20kshare in Frameworks */ = {isa = PBXBuildFile; productRef = 887E754C2BE6DCEB00AC7851 /* q20kshare */; };
		887E754F2BE6DD0300AC7851 /* ArgumentParser in Frameworks */ = {isa = PBXBuildFile; productRef = 887E754E2BE6DD0300AC7851 /* ArgumentParser */; };
		888B84C12B5D743C0055D71F /* csvhandling.swift in Sources */ = {isa = PBXBuildFile; fileRef = 888B84C02B5D743C0055D71F /* csvhandling.swift */; };
		888B84C32B5D74AE0055D71F /* ioshandling.swift in Sources */ = {isa = PBXBuildFile; fileRef = 888B84C22B5D74AE0055D71F /* ioshandling.swift */; };
		888B84C52B5D757F0055D71F /* sublib.swift in Sources */ = {isa = PBXBuildFile; fileRef = 888B84C42B5D757F0055D71F /* sublib.swift */; };
		888B84C72B5D76510055D71F /* topichandling.swift in Sources */ = {isa = PBXBuildFile; fileRef = 888B84C62B5D76510055D71F /* topichandling.swift */; };
/* End PBXBuildFile section */

/* Begin PBXCopyFilesBuildPhase section */
		88570D772B45CFB900428C14 /* CopyFiles */ = {
			isa = PBXCopyFilesBuildPhase;
			buildActionMask = 2147483647;
			dstPath = /usr/share/man/man1/;
			dstSubfolderSpec = 0;
			files = (
			);
			runOnlyForDeploymentPostprocessing = 1;
		};
/* End PBXCopyFilesBuildPhase section */

/* Begin PBXFileReference section */
		88570D792B45CFB900428C14 /* xpando */ = {isa = PBXFileReference; explicitFileType = "compiled.mach-o.executable"; includeInIndex = 0; path = xpando; sourceTree = BUILT_PRODUCTS_DIR; };
		88570D7C2B45CFB900428C14 /* main.swift */ = {isa = PBXFileReference; lastKnownFileType = sourcecode.swift; path = main.swift; sourceTree = "<group>"; };
		88570D892B462E6E00428C14 /* README.md */ = {isa = PBXFileReference; lastKnownFileType = net.daringfireball.markdown; path = README.md; sourceTree = "<group>"; };
		888B84C02B5D743C0055D71F /* csvhandling.swift */ = {isa = PBXFileReference; lastKnownFileType = sourcecode.swift; path = csvhandling.swift; sourceTree = "<group>"; };
		888B84C22B5D74AE0055D71F /* ioshandling.swift */ = {isa = PBXFileReference; lastKnownFileType = sourcecode.swift; path = ioshandling.swift; sourceTree = "<group>"; };
		888B84C42B5D757F0055D71F /* sublib.swift */ = {isa = PBXFileReference; lastKnownFileType = sourcecode.swift; path = sublib.swift; sourceTree = "<group>"; };
		888B84C62B5D76510055D71F /* topichandling.swift */ = {isa = PBXFileReference; lastKnownFileType = sourcecode.swift; path = topichandling.swift; sourceTree = "<group>"; };
/* End PBXFileReference section */

/* Begin PBXFrameworksBuildPhase section */
		88570D762B45CFB900428C14 /* Frameworks */ = {
			isa = PBXFrameworksBuildPhase;
			buildActionMask = 2147483647;
			files = (
				887E754F2BE6DD0300AC7851 /* ArgumentParser in Frameworks */,
				887E754D2BE6DCEB00AC7851 /* q20kshare in Frameworks */,
			);
			runOnlyForDeploymentPostprocessing = 0;
		};
/* End PBXFrameworksBuildPhase section */

/* Begin PBXGroup section */
		88570D702B45CFB900428C14 = {
			isa = PBXGroup;
			children = (
				88570D892B462E6E00428C14 /* README.md */,
				88570D7B2B45CFB900428C14 /* xpando */,
				88570D7A2B45CFB900428C14 /* Products */,
			);
			sourceTree = "<group>";
		};
		88570D7A2B45CFB900428C14 /* Products */ = {
			isa = PBXGroup;
			children = (
				88570D792B45CFB900428C14 /* xpando */,
			);
			name = Products;
			sourceTree = "<group>";
		};
		88570D7B2B45CFB900428C14 /* xpando */ = {
			isa = PBXGroup;
			children = (
				88570D7C2B45CFB900428C14 /* main.swift */,
				888B84C62B5D76510055D71F /* topichandling.swift */,
				888B84C42B5D757F0055D71F /* sublib.swift */,
				888B84C02B5D743C0055D71F /* csvhandling.swift */,
				888B84C22B5D74AE0055D71F /* ioshandling.swift */,
			);
			path = xpando;
			sourceTree = "<group>";
		};
/* End PBXGroup section */

/* Begin PBXNativeTarget section */
		88570D782B45CFB900428C14 /* xpando */ = {
			isa = PBXNativeTarget;
			buildConfigurationList = 88570D802B45CFB900428C14 /* Build configuration list for PBXNativeTarget "xpando" */;
			buildPhases = (
				88570D752B45CFB900428C14 /* Sources */,
				88570D762B45CFB900428C14 /* Frameworks */,
				88570D772B45CFB900428C14 /* CopyFiles */,
			);
			buildRules = (
			);
			dependencies = (
			);
			name = xpando;
			packageProductDependencies = (
				887E754C2BE6DCEB00AC7851 /* q20kshare */,
				887E754E2BE6DD0300AC7851 /* ArgumentParser */,
			);
			productName = xpando;
			productReference = 88570D792B45CFB900428C14 /* xpando */;
			productType = "com.apple.product-type.tool";
		};
/* End PBXNativeTarget section */

/* Begin PBXProject section */
		88570D712B45CFB900428C14 /* Project object */ = {
			isa = PBXProject;
			attributes = {
				BuildIndependentTargetsInParallel = 1;
				LastSwiftUpdateCheck = 1520;
				LastUpgradeCheck = 1530;
				TargetAttributes = {
					88570D782B45CFB900428C14 = {
						CreatedOnToolsVersion = 15.2;
					};
				};
			};
			buildConfigurationList = 88570D742B45CFB900428C14 /* Build configuration list for PBXProject "xpando" */;
			compatibilityVersion = "Xcode 14.0";
			developmentRegion = en;
			hasScannedForEncodings = 0;
			knownRegions = (
				en,
				Base,
			);
			mainGroup = 88570D702B45CFB900428C14;
			packageReferences = (
				88570D832B45D01800428C14 /* XCRemoteSwiftPackageReference "swift-argument-parser" */,
				88570D862B46021700428C14 /* XCRemoteSwiftPackageReference "q20kshare" */,
			);
			productRefGroup = 88570D7A2B45CFB900428C14 /* Products */;
			projectDirPath = "";
			projectRoot = "";
			targets = (
				88570D782B45CFB900428C14 /* xpando */,
			);
		};
/* End PBXProject section */

/* Begin PBXSourcesBuildPhase section */
		88570D752B45CFB900428C14 /* Sources */ = {
			isa = PBXSourcesBuildPhase;
			buildActionMask = 2147483647;
			files = (
				888B84C72B5D76510055D71F /* topichandling.swift in Sources */,
				888B84C52B5D757F0055D71F /* sublib.swift in Sources */,
				888B84C32B5D74AE0055D71F /* ioshandling.swift in Sources */,
				88570D7D2B45CFB900428C14 /* main.swift in Sources */,
				888B84C12B5D743C0055D71F /* csvhandling.swift in Sources */,
			);
			runOnlyForDeploymentPostprocessing = 0;
		};
/* End PBXSourcesBuildPhase section */

/* Begin XCBuildConfiguration section */
		88570D7E2B45CFB900428C14 /* Debug */ = {
			isa = XCBuildConfiguration;
			buildSettings = {
				ALWAYS_SEARCH_USER_PATHS = NO;
				ASSETCATALOG_COMPILER_GENERATE_SWIFT_ASSET_SYMBOL_EXTENSIONS = YES;
				CLANG_ANALYZER_NONNULL = YES;
				CLANG_ANALYZER_NUMBER_OBJECT_CONVERSION = YES_AGGRESSIVE;
				CLANG_CXX_LANGUAGE_STANDARD = "gnu++20";
				CLANG_ENABLE_MODULES = YES;
				CLANG_ENABLE_OBJC_ARC = YES;
				CLANG_ENABLE_OBJC_WEAK = YES;
				CLANG_WARN_BLOCK_CAPTURE_AUTORELEASING = YES;
				CLANG_WARN_BOOL_CONVERSION = YES;
				CLANG_WARN_COMMA = YES;
				CLANG_WARN_CONSTANT_CONVERSION = YES;
				CLANG_WARN_DEPRECATED_OBJC_IMPLEMENTATIONS = YES;
				CLANG_WARN_DIRECT_OBJC_ISA_USAGE = YES_ERROR;
				CLANG_WARN_DOCUMENTATION_COMMENTS = YES;
				CLANG_WARN_EMPTY_BODY = YES;
				CLANG_WARN_ENUM_CONVERSION = YES;
				CLANG_WARN_INFINITE_RECURSION = YES;
				CLANG_WARN_INT_CONVERSION = YES;
				CLANG_WARN_NON_LITERAL_NULL_CONVERSION = YES;
				CLANG_WARN_OBJC_IMPLICIT_RETAIN_SELF = YES;
				CLANG_WARN_OBJC_LITERAL_CONVERSION = YES;
				CLANG_WARN_OBJC_ROOT_CLASS = YES_ERROR;
				CLANG_WARN_QUOTED_INCLUDE_IN_FRAMEWORK_HEADER = YES;
				CLANG_WARN_RANGE_LOOP_ANALYSIS = YES;
				CLANG_WARN_STRICT_PROTOTYPES = YES;
				CLANG_WARN_SUSPICIOUS_MOVE = YES;
				CLANG_WARN_UNGUARDED_AVAILABILITY = YES_AGGRESSIVE;
				CLANG_WARN_UNREACHABLE_CODE = YES;
				CLANG_WARN__DUPLICATE_METHOD_MATCH = YES;
				COPY_PHASE_STRIP = NO;
				DEAD_CODE_STRIPPING = YES;
				DEBUG_INFORMATION_FORMAT = dwarf;
				ENABLE_STRICT_OBJC_MSGSEND = YES;
				ENABLE_TESTABILITY = YES;
				ENABLE_USER_SCRIPT_SANDBOXING = YES;
				GCC_C_LANGUAGE_STANDARD = gnu17;
				GCC_DYNAMIC_NO_PIC = NO;
				GCC_NO_COMMON_BLOCKS = YES;
				GCC_OPTIMIZATION_LEVEL = 0;
				GCC_PREPROCESSOR_DEFINITIONS = (
					"DEBUG=1",
					"$(inherited)",
				);
				GCC_WARN_64_TO_32_BIT_CONVERSION = YES;
				GCC_WARN_ABOUT_RETURN_TYPE = YES_ERROR;
				GCC_WARN_UNDECLARED_SELECTOR = YES;
				GCC_WARN_UNINITIALIZED_AUTOS = YES_AGGRESSIVE;
				GCC_WARN_UNUSED_FUNCTION = YES;
				GCC_WARN_UNUSED_VARIABLE = YES;
				LOCALIZATION_PREFERS_STRING_CATALOGS = YES;
				MACOSX_DEPLOYMENT_TARGET = 14.2;
				MTL_ENABLE_DEBUG_INFO = INCLUDE_SOURCE;
				MTL_FAST_MATH = YES;
				ONLY_ACTIVE_ARCH = YES;
				SDKROOT = macosx;
				SWIFT_ACTIVE_COMPILATION_CONDITIONS = "DEBUG $(inherited)";
				SWIFT_OPTIMIZATION_LEVEL = "-Onone";
			};
			name = Debug;
		};
		88570D7F2B45CFB900428C14 /* Release */ = {
			isa = XCBuildConfiguration;
			buildSettings = {
				ALWAYS_SEARCH_USER_PATHS = NO;
				ASSETCATALOG_COMPILER_GENERATE_SWIFT_ASSET_SYMBOL_EXTENSIONS = YES;
				CLANG_ANALYZER_NONNULL = YES;
				CLANG_ANALYZER_NUMBER_OBJECT_CONVERSION = YES_AGGRESSIVE;
				CLANG_CXX_LANGUAGE_STANDARD = "gnu++20";
				CLANG_ENABLE_MODULES = YES;
				CLANG_ENABLE_OBJC_ARC = YES;
				CLANG_ENABLE_OBJC_WEAK = YES;
				CLANG_WARN_BLOCK_CAPTURE_AUTORELEASING = YES;
				CLANG_WARN_BOOL_CONVERSION = YES;
				CLANG_WARN_COMMA = YES;
				CLANG_WARN_CONSTANT_CONVERSION = YES;
				CLANG_WARN_DEPRECATED_OBJC_IMPLEMENTATIONS = YES;
				CLANG_WARN_DIRECT_OBJC_ISA_USAGE = YES_ERROR;
				CLANG_WARN_DOCUMENTATION_COMMENTS = YES;
				CLANG_WARN_EMPTY_BODY = YES;
				CLANG_WARN_ENUM_CONVERSION = YES;
				CLANG_WARN_INFINITE_RECURSION = YES;
				CLANG_WARN_INT_CONVERSION = YES;
				CLANG_WARN_NON_LITERAL_NULL_CONVERSION = YES;
				CLANG_WARN_OBJC_IMPLICIT_RETAIN_SELF = YES;
				CLANG_WARN_OBJC_LITERAL_CONVERSION = YES;
				CLANG_WARN_OBJC_ROOT_CLASS = YES_ERROR;
				CLANG_WARN_QUOTED_INCLUDE_IN_FRAMEWORK_HEADER = YES;
				CLANG_WARN_RANGE_LOOP_ANALYSIS = YES;
				CLANG_WARN_STRICT_PROTOTYPES = YES;
				CLANG_WARN_SUSPICIOUS_MOVE = YES;
				CLANG_WARN_UNGUARDED_AVAILABILITY = YES_AGGRESSIVE;
				CLANG_WARN_UNREACHABLE_CODE = YES;
				CLANG_WARN__DUPLICATE_METHOD_MATCH = YES;
				COPY_PHASE_STRIP = NO;
				DEAD_CODE_STRIPPING = YES;
				DEBUG_INFORMATION_FORMAT = "dwarf-with-dsym";
				ENABLE_NS_ASSERTIONS = NO;
				ENABLE_STRICT_OBJC_MSGSEND = YES;
				ENABLE_USER_SCRIPT_SANDBOXING = YES;
				GCC_C_LANGUAGE_STANDARD = gnu17;
				GCC_NO_COMMON_BLOCKS = YES;
				GCC_WARN_64_TO_32_BIT_CONVERSION = YES;
				GCC_WARN_ABOUT_RETURN_TYPE = YES_ERROR;
				GCC_WARN_UNDECLARED_SELECTOR = YES;
				GCC_WARN_UNINITIALIZED_AUTOS = YES_AGGRESSIVE;
				GCC_WARN_UNUSED_FUNCTION = YES;
				GCC_WARN_UNUSED_VARIABLE = YES;
				LOCALIZATION_PREFERS_STRING_CATALOGS = YES;
				MACOSX_DEPLOYMENT_TARGET = 14.2;
				MTL_ENABLE_DEBUG_INFO = NO;
				MTL_FAST_MATH = YES;
				SDKROOT = macosx;
				SWIFT_COMPILATION_MODE = wholemodule;
			};
			name = Release;
		};
		88570D812B45CFB900428C14 /* Debug */ = {
			isa = XCBuildConfiguration;
			buildSettings = {
				CODE_SIGN_STYLE = Automatic;
				DEAD_CODE_STRIPPING = YES;
				DEVELOPMENT_TEAM = NEAY582ME4;
				ENABLE_HARDENED_RUNTIME = YES;
				"PRODUCT_BUNDLE_IDENTIFIER[sdk=macosx*]" = com.billdonner.xpando;
				PRODUCT_NAME = "$(TARGET_NAME)";
				SWIFT_VERSION = 5.0;
			};
			name = Debug;
		};
		88570D822B45CFB900428C14 /* Release */ = {
			isa = XCBuildConfiguration;
			buildSettings = {
				CODE_SIGN_STYLE = Automatic;
				DEAD_CODE_STRIPPING = YES;
				DEVELOPMENT_TEAM = NEAY582ME4;
				ENABLE_HARDENED_RUNTIME = YES;
				"PRODUCT_BUNDLE_IDENTIFIER[sdk=macosx*]" = com.billdonner.xpando;
				PRODUCT_NAME = "$(TARGET_NAME)";
				SWIFT_VERSION = 5.0;
			};
			name = Release;
		};
/* End XCBuildConfiguration section */

/* Begin XCConfigurationList section */
		88570D742B45CFB900428C14 /* Build configuration list for PBXProject "xpando" */ = {
			isa = XCConfigurationList;
			buildConfigurations = (
				88570D7E2B45CFB900428C14 /* Debug */,
				88570D7F2B45CFB900428C14 /* Release */,
			);
			defaultConfigurationIsVisible = 0;
			defaultConfigurationName = Release;
		};
		88570D802B45CFB900428C14 /* Build configuration list for PBXNativeTarget "xpando" */ = {
			isa = XCConfigurationList;
			buildConfigurations = (
				88570D812B45CFB900428C14 /* Debug */,
				88570D822B45CFB900428C14 /* Release */,
			);
			defaultConfigurationIsVisible = 0;
			defaultConfigurationName = Release;
		};
/* End XCConfigurationList section */

/* Begin XCRemoteSwiftPackageReference section */
		88570D832B45D01800428C14 /* XCRemoteSwiftPackageReference "swift-argument-parser" */ = {
			isa = XCRemoteSwiftPackageReference;
			repositoryURL = "https://github.com/apple/swift-argument-parser.git";
			requirement = {
				kind = upToNextMajorVersion;
				minimumVersion = 1.3.0;
			};
		};
		88570D862B46021700428C14 /* XCRemoteSwiftPackageReference "q20kshare" */ = {
			isa = XCRemoteSwiftPackageReference;
			repositoryURL = "https://github.com/billdonner/q20kshare";
			requirement = {
				kind = upToNextMajorVersion;
				minimumVersion = 0.5.12;
			};
		};
/* End XCRemoteSwiftPackageReference section */

/* Begin XCSwiftPackageProductDependency section */
		887E754C2BE6DCEB00AC7851 /* q20kshare */ = {
			isa = XCSwiftPackageProductDependency;
			package = 88570D862B46021700428C14 /* XCRemoteSwiftPackageReference "q20kshare" */;
			productName = q20kshare;
		};
		887E754E2BE6DD0300AC7851 /* ArgumentParser */ = {
			isa = XCSwiftPackageProductDependency;
			package = 88570D832B45D01800428C14 /* XCRemoteSwiftPackageReference "swift-argument-parser" */;
			productName = ArgumentParser;
		};
/* End XCSwiftPackageProductDependency section */
	};
	rootObject = 88570D712B45CFB900428C14 /* Project object */;
}
